
Microsoft Visual Studio Solution File, Format Version 12.00
# Visual Studio Version 17
VisualStudioVersion = 17.11.35222.181
MinimumVisualStudioVersion = 10.0.40219.1
Project("{FAE04EC0-301F-11D3-BF4B-00C04F79EFBC}") = "SplitBasket", "SplitBasket\SplitBasket.csproj", "{B9D5AC32-6AEE-4F02-B26C-9CCF1767B82D}"
EndProject
Global
	GlobalSection(SolutionConfigurationPlatforms) = preSolution
		Debug|Any CPU = Debug|Any CPU
		Release|Any CPU = Release|Any CPU
	EndGlobalSection
	GlobalSection(ProjectConfigurationPlatforms) = postSolution
		{B9D5AC32-6AEE-4F02-B26C-9CCF1767B82D}.Debug|Any CPU.ActiveCfg = Debug|Any CPU
		{B9D5AC32-6AEE-4F02-B26C-9CCF1767B82D}.Debug|Any CPU.Build.0 = Debug|Any CPU
		{B9D5AC32-6AEE-4F02-B26C-9CCF1767B82D}.Release|Any CPU.ActiveCfg = Release|Any CPU
		{B9D5AC32-6AEE-4F02-B26C-9CCF1767B82D}.Release|Any CPU.Build.0 = Release|Any CPU
	EndGlobalSection
	GlobalSection(SolutionProperties) = preSolution
		HideSolutionNode = FALSE
	EndGlobalSection
	GlobalSection(ExtensibilityGlobals) = postSolution
		SolutionGuid = {9E418172-1FAC-4637-9395-9F86EB12D390}
	EndGlobalSection
EndGlobal
